
Microsoft Visual Studio Solution File, Format Version 12.00
# Visual Studio 15
VisualStudioVersion = 15.0.28010.2036
MinimumVisualStudioVersion = 10.0.40219.1
Project("{FAE04EC0-301F-11D3-BF4B-00C04F79EFBC}") = "Monte Carlo", "Monte Carlo\Monte Carlo.csproj", "{86C9C7E5-5F3F-4D35-9AFF-F5F0ECB2C65E}"
EndProject
Global
	GlobalSection(SolutionConfigurationPlatforms) = preSolution
		Debug|Any CPU = Debug|Any CPU
		Release|Any CPU = Release|Any CPU
	EndGlobalSection
	GlobalSection(ProjectConfigurationPlatforms) = postSolution
		{86C9C7E5-5F3F-4D35-9AFF-F5F0ECB2C65E}.Debug|Any CPU.ActiveCfg = Debug|Any CPU
		{86C9C7E5-5F3F-4D35-9AFF-F5F0ECB2C65E}.Debug|Any CPU.Build.0 = Debug|Any CPU
		{86C9C7E5-5F3F-4D35-9AFF-F5F0ECB2C65E}.Release|Any CPU.ActiveCfg = Release|Any CPU
		{86C9C7E5-5F3F-4D35-9AFF-F5F0ECB2C65E}.Release|Any CPU.Build.0 = Release|Any CPU
	EndGlobalSection
	GlobalSection(SolutionProperties) = preSolution
		HideSolutionNode = FALSE
	EndGlobalSection
	GlobalSection(ExtensibilityGlobals) = postSolution
		SolutionGuid = {0356780F-7FC7-4DF2-991D-384B63624961}
	EndGlobalSection
EndGlobal
